
Microsoft Visual Studio Solution File, Format Version 12.00
# Visual Studio Version 16
VisualStudioVersion = 16.0.29613.14
MinimumVisualStudioVersion = 10.0.40219.1
Project("{FAE04EC0-301F-11D3-BF4B-00C04F79EFBC}") = "Epi.11.1.0", "Epi.11.1.0.csproj", "{63CFB86D-49B7-46E5-A075-E0674139EA21}"
EndProject
Global
	GlobalSection(SolutionConfigurationPlatforms) = preSolution
		Debug|Any CPU = Debug|Any CPU
		Release|Any CPU = Release|Any CPU
	EndGlobalSection
	GlobalSection(ProjectConfigurationPlatforms) = postSolution
		{63CFB86D-49B7-46E5-A075-E0674139EA21}.Debug|Any CPU.ActiveCfg = Debug|Any CPU
		{63CFB86D-49B7-46E5-A075-E0674139EA21}.Debug|Any CPU.Build.0 = Debug|Any CPU
		{63CFB86D-49B7-46E5-A075-E0674139EA21}.Release|Any CPU.ActiveCfg = Release|Any CPU
		{63CFB86D-49B7-46E5-A075-E0674139EA21}.Release|Any CPU.Build.0 = Release|Any CPU
	EndGlobalSection
	GlobalSection(SolutionProperties) = preSolution
		HideSolutionNode = FALSE
	EndGlobalSection
	GlobalSection(ExtensibilityGlobals) = postSolution
		SolutionGuid = {F02057A2-980A-410B-BB09-EE28CD268B4E}
	EndGlobalSection
EndGlobal
