
Microsoft Visual Studio Solution File, Format Version 12.00
# Visual Studio Version 16
VisualStudioVersion = 16.0.29613.14
MinimumVisualStudioVersion = 10.0.40219.1
Project("{FAE04EC0-301F-11D3-BF4B-00C04F79EFBC}") = "Epi.9.0.3", "Epi.9.0.3.csproj", "{EF9ECFC7-7F77-44D6-A9EF-DB8E683E2422}"
EndProject
Global
	GlobalSection(SolutionConfigurationPlatforms) = preSolution
		Debug|Any CPU = Debug|Any CPU
		Release|Any CPU = Release|Any CPU
	EndGlobalSection
	GlobalSection(ProjectConfigurationPlatforms) = postSolution
		{EF9ECFC7-7F77-44D6-A9EF-DB8E683E2422}.Debug|Any CPU.ActiveCfg = Debug|Any CPU
		{EF9ECFC7-7F77-44D6-A9EF-DB8E683E2422}.Debug|Any CPU.Build.0 = Debug|Any CPU
		{EF9ECFC7-7F77-44D6-A9EF-DB8E683E2422}.Release|Any CPU.ActiveCfg = Release|Any CPU
		{EF9ECFC7-7F77-44D6-A9EF-DB8E683E2422}.Release|Any CPU.Build.0 = Release|Any CPU
	EndGlobalSection
	GlobalSection(SolutionProperties) = preSolution
		HideSolutionNode = FALSE
	EndGlobalSection
	GlobalSection(ExtensibilityGlobals) = postSolution
		SolutionGuid = {82CF589F-9E43-448A-8C83-2720B9993176}
	EndGlobalSection
EndGlobal
